<?xml version="1.0" encoding="utf-8"?>
<Project ToolsVersion="4.0" xmlns="http://schemas.microsoft.com/developer/msbuild/2003">
  <ItemGroup>
    <Filter Include="Source Files">
      <UniqueIdentifier>{4FC737F1-C7A5-4376-A066-2A32D752A2FF}</UniqueIdentifier>
      <Extensions>cpp;c;cc;cxx;def;odl;idl;hpj;bat;asm;asmx</Extensions>
    </Filter>
    <Filter Include="Header Files">
      <UniqueIdentifier>{93995380-89BD-4b04-88EB-625FBE52EBFB}</UniqueIdentifier>
      <Extensions>h;hpp;hxx;hm;inl;inc;xsd</Extensions>
    </Filter>
    <Filter Include="Resource Files">
      <UniqueIdentifier>{67DA6AB6-F800-4c08-8B7A-83BB121AAD01}</UniqueIdentifier>
      <Extensions>rc;ico;cur;bmp;dlg;rc2;rct;bin;rgs;gif;jpg;jpeg;jpe;resx;tiff;tif;png;wav;mfcribbon-ms</Extensions>
    </Filter>
    <Filter Include="Source Files\cmd">
      <UniqueIdentifier>{21b98df8-89fc-46dc-bf66-2335e1ef14b2}</UniqueIdentifier>
    </Filter>
  </ItemGroup>
  <ItemGroup>
    <None Include="ReadMe.txt" />
  </ItemGroup>
  <ItemGroup>
    <ClCompile Include="..\..\pcfbase\src\Account.cpp">
      <Filter>Source Files</Filter>
    </ClCompile>
    <ClCompile Include="..\..\pcfbase\src\ArithmeticExpressionNode.cpp">
      <Filter>Source Files</Filter>
    </ClCompile>
    <ClCompile Include="..\..\pcfbase\src\ArithmeticExpressionParser.cpp">
      <Filter>Source Files</Filter>
    </ClCompile>
    <ClCompile Include="..\..\pcfbase\src\BaseUtil.cpp">
      <Filter>Source Files</Filter>
    </ClCompile>
    <ClCompile Include="..\..\pcfbase\src\Configuration.cpp">
      <Filter>Source Files</Filter>
    </ClCompile>
    <ClCompile Include="..\..\pcfbase\src\DatabaseCommand.cpp">
      <Filter>Source Files</Filter>
    </ClCompile>
    <ClCompile Include="..\..\pcfbase\src\DatabaseConnection.cpp">
      <Filter>Source Files</Filter>
    </ClCompile>
    <ClCompile Include="..\..\pcfbase\src\DatabaseConnection_accounts.cpp">
      <Filter>Source Files</Filter>
    </ClCompile>
    <ClCompile Include="..\..\pcfbase\src\DatabaseConnection_impexsql.cpp">
      <Filter>Source Files</Filter>
    </ClCompile>
    <ClCompile Include="..\..\pcfbase\src\DatabaseConnection_items.cpp">
      <Filter>Source Files</Filter>
    </ClCompile>
    <ClCompile Include="..\..\pcfbase\src\DatabaseConnection_static.cpp">
      <Filter>Source Files</Filter>
    </ClCompile>
    <ClCompile Include="..\..\pcfbase\src\DatabaseConnection_transactions.cpp">
      <Filter>Source Files</Filter>
    </ClCompile>
    <ClCompile Include="..\..\pcfbase\src\Date.cpp">
      <Filter>Source Files</Filter>
    </ClCompile>
    <ClCompile Include="..\..\pcfbase\src\Item.cpp">
      <Filter>Source Files</Filter>
    </ClCompile>
    <ClCompile Include="..\..\pcfbase\src\OptimizationReport.cpp">
      <Filter>Source Files</Filter>
    </ClCompile>
    <ClCompile Include="..\..\pcfbase\src\Record.cpp">
      <Filter>Source Files</Filter>
    </ClCompile>
    <ClCompile Include="..\..\pcfbase\src\ReportData.cpp">
      <Filter>Source Files</Filter>
    </ClCompile>
    <ClCompile Include="..\..\pcfbase\src\ReversibleDatabaseCommand.cpp">
      <Filter>Source Files</Filter>
    </ClCompile>
    <ClCompile Include="..\..\pcfbase\src\SelectCommand.cpp">
      <Filter>Source Files</Filter>
    </ClCompile>
    <ClCompile Include="..\..\pcfbase\src\SelectionParameters.cpp">
      <Filter>Source Files</Filter>
    </ClCompile>
    <ClCompile Include="..\..\pcfbase\src\Transaction.cpp">
      <Filter>Source Files</Filter>
    </ClCompile>
    <ClCompile Include="..\..\pcfbase\src\UndoBuffer.cpp">
      <Filter>Source Files</Filter>
    </ClCompile>
    <ClCompile Include="..\..\pcfbase\src\cmd\CreateDatabase.cpp">
      <Filter>Source Files\cmd</Filter>
    </ClCompile>
    <ClCompile Include="..\..\pcfbase\src\cmd\DeleteAccount.cpp">
      <Filter>Source Files\cmd</Filter>
    </ClCompile>
    <ClCompile Include="..\..\pcfbase\src\cmd\DeleteItem.cpp">
      <Filter>Source Files\cmd</Filter>
    </ClCompile>
    <ClCompile Include="..\..\pcfbase\src\cmd\DeleteTransaction.cpp">
      <Filter>Source Files\cmd</Filter>
    </ClCompile>
    <ClCompile Include="..\..\pcfbase\src\cmd\GetAccount.cpp">
      <Filter>Source Files\cmd</Filter>
    </ClCompile>
    <ClCompile Include="..\..\pcfbase\src\cmd\GetAccountBalance.cpp">
      <Filter>Source Files\cmd</Filter>
    </ClCompile>
    <ClCompile Include="..\..\pcfbase\src\cmd\GetAccountExpenses.cpp">
      <Filter>Source Files\cmd</Filter>
    </ClCompile>
    <ClCompile Include="..\..\pcfbase\src\cmd\GetAccountIncome.cpp">
      <Filter>Source Files\cmd</Filter>
    </ClCompile>
    <ClCompile Include="..\..\pcfbase\src\cmd\GetItem.cpp">
      <Filter>Source Files\cmd</Filter>
    </ClCompile>
    <ClCompile Include="..\..\pcfbase\src\cmd\GetLastTransaction.cpp">
      <Filter>Source Files\cmd</Filter>
    </ClCompile>
    <ClCompile Include="..\..\pcfbase\src\cmd\GetMetadata.cpp">
      <Filter>Source Files\cmd</Filter>
    </ClCompile>
    <ClCompile Include="..\..\pcfbase\src\cmd\GetTransaction.cpp">
      <Filter>Source Files\cmd</Filter>
    </ClCompile>
    <ClCompile Include="..\..\pcfbase\src\cmd\InsertAccount.cpp">
      <Filter>Source Files\cmd</Filter>
    </ClCompile>
    <ClCompile Include="..\..\pcfbase\src\cmd\InsertItem.cpp">
      <Filter>Source Files\cmd</Filter>
    </ClCompile>
    <ClCompile Include="..\..\pcfbase\src\cmd\InsertTransaction.cpp">
      <Filter>Source Files\cmd</Filter>
    </ClCompile>
    <ClCompile Include="..\..\pcfbase\src\cmd\PurgeDatabase.cpp">
      <Filter>Source Files\cmd</Filter>
    </ClCompile>
    <ClCompile Include="..\..\pcfbase\src\cmd\SelectAccounts.cpp">
      <Filter>Source Files\cmd</Filter>
    </ClCompile>
    <ClCompile Include="..\..\pcfbase\src\cmd\SelectItems.cpp">
      <Filter>Source Files\cmd</Filter>
    </ClCompile>
    <ClCompile Include="..\..\pcfbase\src\cmd\SelectPreferences.cpp">
      <Filter>Source Files\cmd</Filter>
    </ClCompile>
    <ClCompile Include="..\..\pcfbase\src\cmd\SelectTransactions.cpp">
      <Filter>Source Files\cmd</Filter>
    </ClCompile>
    <ClCompile Include="..\..\pcfbase\src\cmd\UpdateAccount.cpp">
      <Filter>Source Files\cmd</Filter>
    </ClCompile>
    <ClCompile Include="..\..\pcfbase\src\cmd\UpdateItem.cpp">
      <Filter>Source Files\cmd</Filter>
    </ClCompile>
    <ClCompile Include="..\..\pcfbase\src\cmd\UpdatePreference.cpp">
      <Filter>Source Files\cmd</Filter>
    </ClCompile>
    <ClCompile Include="..\..\pcfbase\src\cmd\UpdateTransaction.cpp">
      <Filter>Source Files\cmd</Filter>
    </ClCompile>
    <ClCompile Include="..\..\pcfbase\src\cmd\CleanDatabase.cpp">
      <Filter>Source Files\cmd</Filter>
    </ClCompile>
  </ItemGroup>
</Project>